
Microsoft Visual Studio Solution File, Format Version 12.00
# Visual Studio Version 16
VisualStudioVersion = 16.0.33529.622
MinimumVisualStudioVersion = 10.0.40219.1
Project("{888888A0-9F3D-457C-B088-3A5042F75D52}") = "QRCODE READER", "QRCODE READER.pyproj", "{A25DA8FA-CD24-41EA-9908-24A7B6E9BA9C}"
EndProject
Global
	GlobalSection(SolutionConfigurationPlatforms) = preSolution
		Debug|Any CPU = Debug|Any CPU
		Release|Any CPU = Release|Any CPU
	EndGlobalSection
	GlobalSection(ProjectConfigurationPlatforms) = postSolution
		{A25DA8FA-CD24-41EA-9908-24A7B6E9BA9C}.Debug|Any CPU.ActiveCfg = Debug|Any CPU
		{A25DA8FA-CD24-41EA-9908-24A7B6E9BA9C}.Release|Any CPU.ActiveCfg = Release|Any CPU
	EndGlobalSection
	GlobalSection(SolutionProperties) = preSolution
		HideSolutionNode = FALSE
	EndGlobalSection
	GlobalSection(ExtensibilityGlobals) = postSolution
		SolutionGuid = {B151D6C4-5020-4F25-A3EA-61A158D4E0EE}
	EndGlobalSection
EndGlobal
